
Microsoft Visual Studio Solution File, Format Version 12.00
# Visual Studio Version 16
VisualStudioVersion = 16.0.28922.388
MinimumVisualStudioVersion = 10.0.40219.1
Project("{FAE04EC0-301F-11D3-BF4B-00C04F79EFBC}") = "QueueMessageReader", "QueueMessageReader.csproj", "{4096C37A-9323-4CE1-A43E-47F5A1D38E70}"
EndProject
Global
	GlobalSection(SolutionConfigurationPlatforms) = preSolution
		Debug|Any CPU = Debug|Any CPU
		Release|Any CPU = Release|Any CPU
	EndGlobalSection
	GlobalSection(ProjectConfigurationPlatforms) = postSolution
		{4096C37A-9323-4CE1-A43E-47F5A1D38E70}.Debug|Any CPU.ActiveCfg = Debug|Any CPU
		{4096C37A-9323-4CE1-A43E-47F5A1D38E70}.Debug|Any CPU.Build.0 = Debug|Any CPU
		{4096C37A-9323-4CE1-A43E-47F5A1D38E70}.Release|Any CPU.ActiveCfg = Release|Any CPU
		{4096C37A-9323-4CE1-A43E-47F5A1D38E70}.Release|Any CPU.Build.0 = Release|Any CPU
	EndGlobalSection
	GlobalSection(SolutionProperties) = preSolution
		HideSolutionNode = FALSE
	EndGlobalSection
	GlobalSection(ExtensibilityGlobals) = postSolution
		SolutionGuid = {42FE9A3B-8530-4C87-99BA-DE230AAE90B5}
	EndGlobalSection
EndGlobal
