
Microsoft Visual Studio Solution File, Format Version 12.00
# Visual Studio Version 16
VisualStudioVersion = 16.0.28922.388
MinimumVisualStudioVersion = 10.0.40219.1
Project("{FAE04EC0-301F-11D3-BF4B-00C04F79EFBC}") = "FileExample", "FileExample.csproj", "{5828474C-E970-442D-A106-28EFD101EF6B}"
EndProject
Global
	GlobalSection(SolutionConfigurationPlatforms) = preSolution
		Debug|Any CPU = Debug|Any CPU
		Release|Any CPU = Release|Any CPU
	EndGlobalSection
	GlobalSection(ProjectConfigurationPlatforms) = postSolution
		{5828474C-E970-442D-A106-28EFD101EF6B}.Debug|Any CPU.ActiveCfg = Debug|Any CPU
		{5828474C-E970-442D-A106-28EFD101EF6B}.Debug|Any CPU.Build.0 = Debug|Any CPU
		{5828474C-E970-442D-A106-28EFD101EF6B}.Release|Any CPU.ActiveCfg = Release|Any CPU
		{5828474C-E970-442D-A106-28EFD101EF6B}.Release|Any CPU.Build.0 = Release|Any CPU
	EndGlobalSection
	GlobalSection(SolutionProperties) = preSolution
		HideSolutionNode = FALSE
	EndGlobalSection
	GlobalSection(ExtensibilityGlobals) = postSolution
		SolutionGuid = {B645AA17-0F68-4574-BA98-88BD2160B392}
	EndGlobalSection
EndGlobal
