
Microsoft Visual Studio Solution File, Format Version 12.00
# Visual Studio Version 16
VisualStudioVersion = 16.0.28922.388
MinimumVisualStudioVersion = 10.0.40219.1
Project("{FAE04EC0-301F-11D3-BF4B-00C04F79EFBC}") = "TableExample", "TableExample.csproj", "{8E1A0141-9D27-4C86-B18C-8E8F49388A1C}"
EndProject
Global
	GlobalSection(SolutionConfigurationPlatforms) = preSolution
		Debug|Any CPU = Debug|Any CPU
		Release|Any CPU = Release|Any CPU
	EndGlobalSection
	GlobalSection(ProjectConfigurationPlatforms) = postSolution
		{8E1A0141-9D27-4C86-B18C-8E8F49388A1C}.Debug|Any CPU.ActiveCfg = Debug|Any CPU
		{8E1A0141-9D27-4C86-B18C-8E8F49388A1C}.Debug|Any CPU.Build.0 = Debug|Any CPU
		{8E1A0141-9D27-4C86-B18C-8E8F49388A1C}.Release|Any CPU.ActiveCfg = Release|Any CPU
		{8E1A0141-9D27-4C86-B18C-8E8F49388A1C}.Release|Any CPU.Build.0 = Release|Any CPU
	EndGlobalSection
	GlobalSection(SolutionProperties) = preSolution
		HideSolutionNode = FALSE
	EndGlobalSection
	GlobalSection(ExtensibilityGlobals) = postSolution
		SolutionGuid = {F25BAEE3-60CF-49A7-B314-7D489FF0CDC7}
	EndGlobalSection
EndGlobal
